
Microsoft Visual Studio Solution File, Format Version 12.00
# Visual Studio 2013
VisualStudioVersion = 12.0.31101.0
MinimumVisualStudioVersion = 10.0.40219.1
Project("{581633EB-B896-402F-8E60-36F3DA191C85}") = "SDesk-KGEU", "SDesk-KGEU\SDesk-KGEU.lsxtproj", "{E49ABDAD-8802-4453-BF3C-15184E66A488}"
EndProject
Project("{FAE04EC0-301F-11D3-BF4B-00C04F79EFBC}") = "SDesk-KGEU.Server", "SDesk-KGEU\SDesk-KGEU.Server\SDesk-KGEU.Server.csproj", "{50566AA4-6024-44C3-B326-F160D6D34C3E}"
EndProject
Project("{FAE04EC0-301F-11D3-BF4B-00C04F79EFBC}") = "SDesk-KGEU.DesktopClient", "SDesk-KGEU\SDesk-KGEU.DesktopClient\SDesk-KGEU.DesktopClient.csproj", "{78298F71-FD7A-4262-BA4D-0C07372E328E}"
EndProject
Project("{262852C6-CD72-467D-83FE-5EEB1973A190}") = "SDesk-KGEU.HTMLClient", "SDesk-KGEU\SDesk-KGEU.HTMLClient\SDesk-KGEU.HTMLClient.jsproj", "{BC1C6210-49B0-4344-8DB5-8BF5E4FCD5E1}"
EndProject
Global
	GlobalSection(SolutionConfigurationPlatforms) = preSolution
		Debug|Any CPU = Debug|Any CPU
		Release|Any CPU = Release|Any CPU
	EndGlobalSection
	GlobalSection(ProjectConfigurationPlatforms) = postSolution
		{E49ABDAD-8802-4453-BF3C-15184E66A488}.Debug|Any CPU.ActiveCfg = Debug|Any CPU
		{E49ABDAD-8802-4453-BF3C-15184E66A488}.Debug|Any CPU.Build.0 = Debug|Any CPU
		{E49ABDAD-8802-4453-BF3C-15184E66A488}.Release|Any CPU.ActiveCfg = Release|Any CPU
		{E49ABDAD-8802-4453-BF3C-15184E66A488}.Release|Any CPU.Build.0 = Release|Any CPU
		{50566AA4-6024-44C3-B326-F160D6D34C3E}.Debug|Any CPU.ActiveCfg = Debug|Any CPU
		{50566AA4-6024-44C3-B326-F160D6D34C3E}.Debug|Any CPU.Build.0 = Debug|Any CPU
		{50566AA4-6024-44C3-B326-F160D6D34C3E}.Release|Any CPU.ActiveCfg = Release|Any CPU
		{50566AA4-6024-44C3-B326-F160D6D34C3E}.Release|Any CPU.Build.0 = Release|Any CPU
		{78298F71-FD7A-4262-BA4D-0C07372E328E}.Debug|Any CPU.ActiveCfg = Debug|Any CPU
		{78298F71-FD7A-4262-BA4D-0C07372E328E}.Debug|Any CPU.Build.0 = Debug|Any CPU
		{78298F71-FD7A-4262-BA4D-0C07372E328E}.Release|Any CPU.ActiveCfg = Release|Any CPU
		{78298F71-FD7A-4262-BA4D-0C07372E328E}.Release|Any CPU.Build.0 = Release|Any CPU
		{BC1C6210-49B0-4344-8DB5-8BF5E4FCD5E1}.Debug|Any CPU.ActiveCfg = Debug|Any CPU
		{BC1C6210-49B0-4344-8DB5-8BF5E4FCD5E1}.Debug|Any CPU.Build.0 = Debug|Any CPU
		{BC1C6210-49B0-4344-8DB5-8BF5E4FCD5E1}.Release|Any CPU.ActiveCfg = Release|Any CPU
		{BC1C6210-49B0-4344-8DB5-8BF5E4FCD5E1}.Release|Any CPU.Build.0 = Release|Any CPU
	EndGlobalSection
	GlobalSection(SolutionProperties) = preSolution
		HideSolutionNode = FALSE
	EndGlobalSection
EndGlobal
